{
  "version": 4,
  "terraform_version": "1.3.4",
  "serial": 18,
  "lineage": "6433d11b-653d-ef89-afd5-de278042e160",
  "outputs": {
    "ca_certificate": {
      "value": "LS0tLS1CRUdJTiBDRVJUSUZJQ0FURS0tLS0tCk1JSUVMRENDQXBTZ0F3SUJBZ0lRVTBQZXN5V2RQbEQ2QU1xWjdoOHlOakFOQmdrcWhraUc5dzBCQVFzRkFEQXYKTVMwd0t3WURWUVFERXlReE0yWTRZMlZpTkMwNVltRTNMVFJsTWpBdE9UZGtNQzA1TTJVeVpHUmpNV1k1WlRVdwpJQmNOTWpJeE1USTFNVGt3TkRVeVdoZ1BNakExTWpFeE1UY3lNREEwTlRKYU1DOHhMVEFyQmdOVkJBTVRKREV6ClpqaGpaV0kwTFRsaVlUY3ROR1V5TUMwNU4yUXdMVGt6WlRKa1pHTXhaamxsTlRDQ0FhSXdEUVlKS29aSWh2Y04KQVFFQkJRQURnZ0dQQURDQ0FZb0NnZ0dCQUxNNW5lRUlsSGFoZWxLbXdMYTdnSnE0UmI3dHg4VkgrRU1NN0JoRwowZ3JnQURvWThHNi9mTTVlbENQdG5IYjhiWHNPSnFKYkRGZVZhcXpwdFdQNk9yeXEzeGhxMXVyWCt1TzYzMXV2Ci9Fck9vMGhVZDlrcjNqWUQyRGg3cjFrTEJybUlidFQvMDBrdEpiOS85UjFkZFFJL255WVF3NXQ4VFB1bUlmVXcKOEdBOWlFeWxjNWpHUHJrQnNnOWZ4cFp0NkRQN0IxZmJRVTkzWWwwVks5MEI0dFRwdEhiOU9IOU5UdzNMa0lVSgpEdXN5Yi9lMmNUWnJmSjBHbWt1aDc0dGhudXB1Z3NZTThtN1JoZjJyTThIbVBNQVFDRVlIVE5WZnB1MnpJN1B4CndTcHFBNHBqa29NWkJZOFoyaDM0QzdtdXZqeEZ1OFFRTXdrcWt3eE1DUFhUTGJMcU40TjM0Wk9DTnp3czBOWFkKNXl5UVJoeHhyblVJWFJYQzYwTit5blZuQmNvd1NqK1o4eVczNG56c2FRdUdyR2ZMTzRKNmN6ZFNXOHdyNHh3NwpuRWdtQldVVkNMRnFMMjJpUTNiejdRcEJ6M3FmSnlocVMwaU9ValNpb3g1aXlCUmRGK3ZuK0JqSEg1L1JHT1BqCm9taUt6NDJ2b1NuR3NtalROL0k4NDM3emtRSURBUUFCbzBJd1FEQU9CZ05WSFE4QkFmOEVCQU1DQWdRd0R3WUQKVlIwVEFRSC9CQVV3QXdFQi96QWRCZ05WSFE0RUZnUVU2RkczcXBmMklkVjhNK0JHbHQxYTJqdDVmeWN3RFFZSgpLb1pJaHZjTkFRRUxCUUFEZ2dHQkFDc3dyTkc5YlZrQ1RZZVdtYlBhdGZGc3lEeFNFdjY3VmRaVWp2QnJyZ2xyCnZFcGUxc1p0cmRxNW5TdmdXT3BTTlM3K3V4ZVczK1BUSE9YZFROUlhDdWYvZ2VTSnNaa3Z4TUtiSUtKbFVHRUwKOXYrSjN1Snl4dlBNVGlwTUZ4b01wcFMvVnpZOHNIZE1GbndMdVphK0VOVUtuaExNbEdpT1VCRjJFK0RKaldjZQp5K3VpZFU1TW5ybXRQdThGcSt6amFtNUZicVJDNFVEZVh5QVoyUXNIWE81NENpbnMyWncwN0hDVWQwM1RFRTloClB3UmNldUFWUUJ4Z2RiMzJkRzFib1piaURnQm92aDd0dmdDaGdMTU1tL1BCSEVOMm00eEtkZ1BQL3E5RC9zN3cKQk5ZWW5zQUdQNFlrUzBoOVhkYVBZU2I5R2dBNXh2K2d3RUNGajNReWRiSStDSEw1L3pSU0pHZjNOVGx3TWptcwpmdzVQb1RoUm40T2hHTDZySGRuN1pjcTlxMjJKNWFRbTZ2NEc0c3lYL3owOUl4RFdvUDloZEhxWWtDcmIzUXhxCmVRbzEyQTlqZzYvSWh6TkdHbXVTbkNzTXN5VS9zVGp5T0FLU0d3b3NmOU9heGkyY1R3THM0eWU3bi90Z1hZV0YKaXplYjRSYXFWTDVrcjE2c0U1U2JNUT09Ci0tLS0tRU5EIENFUlRJRklDQVRFLS0tLS0K",
      "type": "string",
      "sensitive": true
    },
    "client_token": {
      "value": "eWEyOS5hMEFlVE0xaWViTzhOdWxrdUJsa2stb05iZjM0dkV6Z3IxNnZDeVZNSG5yR1NudmJEdHI4eUp6QjVLTXlNTllUSVUxMk5GaF9XbGlkRWdHU0M1aGJjOW8tVnZ0VWJNeE9xa3RhYnhjVFBjWjVfdUpGWHVCSnZJdHVpOXF3NjBCM0ZxNkNhcXNCdWNLak54bUs0YVFSM3BnamlQdFQ4MWRDelhmUGpCNDA0VFdhc2h3ckdxTGppTkhEUTlzRzhuc3V4aDB3YnR0TXlPZTVKbW0tUlB2Z3AwTERPYlN1VVlfeElvX2JVOFViSUlJX2dSY25UekN5TE1lYjdRaVdQMkRBal9UeTVMSDVrYUNnWUtBWEFTQVJFU0ZRSFd0V09tbW1leU5NbWRCXzkwN0RPbV9SaE5pZzAyNzA=",
      "type": "string",
      "sensitive": true
    },
    "cluster_name": {
      "value": "node-pool-update-variant-beta-cluster",
      "type": "string"
    },
    "ip_range_pods": {
      "value": "pods",
      "type": "string"
    },
    "ip_range_services": {
      "value": "services",
      "type": "string"
    },
    "kubernetes_endpoint": {
      "value": "34.93.230.21",
      "type": "string",
      "sensitive": true
    },
    "location": {
      "value": "asia-south1",
      "type": "string"
    },
    "master_kubernetes_version": {
      "value": "1.24.7-gke.900",
      "type": "string"
    },
    "network": {
      "value": "k8stest",
      "type": "string"
    },
    "project_id": {
      "value": "sadaindia-tvm-poc-de",
      "type": "string"
    },
    "region": {
      "value": "asia-south1",
      "type": "string"
    },
    "service_account": {
      "value": "gke-sa@sadaindia-tvm-poc-de.iam.gserviceaccount.com",
      "type": "string"
    },
    "subnetwork": {
      "value": "test",
      "type": "string"
    },
    "zones": {
      "value": [
        "asia-south1-a",
        "asia-south1-b",
        "asia-south1-c"
      ],
      "type": [
        "list",
        "string"
      ]
    }
  },
  "resources": [
    {
      "mode": "data",
      "type": "google_client_config",
      "name": "default",
      "provider": "provider[\"registry.terraform.io/hashicorp/google\"]",
      "instances": [
        {
          "schema_version": 0,
          "attributes": {
            "access_token": "ya29.a0AeTM1iebO8NulkuBlkk-oNbf34vEzgr16vCyVMHnrGSnvbDtr8yJzB5KMyMNYTIU12NFh_WlidEgGSC5hbc9o-VvtUbMxOqktabxcTPcZ5_uJFXuBJvItui9qw60B3Fq6CaqsBucKjNxmK4aQR3pgjiPtT81dCzXfPjB404TWashwrGqLjiNHDQ9sG8nsuxh0wbttMyOe5Jmm-RPvgp0LDObSuUY_xIo_bU8UbIII_gRcnTzCyLMeb7QiWP2DAj_Ty5LH5kaCgYKAXASARESFQHWtWOmmmeyNMmdB_907DOm_RhNig0270",
            "id": "projects//regions//zones/",
            "project": "",
            "region": "",
            "zone": ""
          },
          "sensitive_attributes": []
        }
      ]
    },
    {
      "mode": "data",
      "type": "google_compute_subnetwork",
      "name": "subnetwork",
      "provider": "provider[\"registry.terraform.io/hashicorp/google\"]",
      "instances": [
        {
          "schema_version": 0,
          "attributes": {
            "description": "",
            "gateway_address": "10.0.1.1",
            "id": "projects/sadaindia-tvm-poc-de/regions/asia-south1/subnetworks/test",
            "ip_cidr_range": "10.0.1.0/24",
            "name": "test",
            "network": "https://www.googleapis.com/compute/v1/projects/sadaindia-tvm-poc-de/global/networks/k8stest",
            "private_ip_google_access": false,
            "project": "sadaindia-tvm-poc-de",
            "region": "asia-south1",
            "secondary_ip_range": [
              {
                "ip_cidr_range": "172.20.0.0/22",
                "range_name": "pods"
              },
              {
                "ip_cidr_range": "192.168.64.0/23",
                "range_name": "services"
              },
              {
                "ip_cidr_range": "172.20.12.0/22",
                "range_name": "np3"
              },
              {
                "ip_cidr_range": "172.20.8.0/22",
                "range_name": "np2"
              },
              {
                "ip_cidr_range": "172.20.16.0/22",
                "range_name": "np4"
              },
              {
                "ip_cidr_range": "172.20.4.0/22",
                "range_name": "np1"
              }
            ],
            "self_link": "https://www.googleapis.com/compute/v1/projects/sadaindia-tvm-poc-de/regions/asia-south1/subnetworks/test"
          },
          "sensitive_attributes": []
        }
      ]
    },
    {
      "module": "module.gke",
      "mode": "data",
      "type": "google_compute_zones",
      "name": "available",
      "provider": "provider[\"registry.terraform.io/hashicorp/google-beta\"]",
      "instances": [
        {
          "schema_version": 0,
          "attributes": {
            "id": "projects/sadaindia-tvm-poc-de/regions/asia-south1",
            "names": [
              "asia-south1-a",
              "asia-south1-b",
              "asia-south1-c"
            ],
            "project": "sadaindia-tvm-poc-de",
            "region": "asia-south1",
            "status": null
          },
          "sensitive_attributes": []
        }
      ]
    },
    {
      "module": "module.gke",
      "mode": "data",
      "type": "google_container_engine_versions",
      "name": "region",
      "provider": "provider[\"registry.terraform.io/hashicorp/google\"]",
      "instances": [
        {
          "schema_version": 0,
          "attributes": {
            "default_cluster_version": "1.23.12-gke.100",
            "id": "2022-11-25 20:04:41.627916263 +0000 UTC",
            "latest_master_version": "1.24.7-gke.900",
            "latest_node_version": "1.24.7-gke.900",
            "location": "asia-south1",
            "project": "sadaindia-tvm-poc-de",
            "release_channel_default_version": {
              "RAPID": "1.24.5-gke.600",
              "REGULAR": "1.23.12-gke.100",
              "STABLE": "1.22.15-gke.100"
            },
            "valid_master_versions": [
              "1.24.7-gke.900",
              "1.24.6-gke.1500",
              "1.24.5-gke.600",
              "1.24.4-gke.800",
              "1.23.13-gke.900",
              "1.23.12-gke.1600",
              "1.23.12-gke.100",
              "1.23.11-gke.300",
              "1.23.10-gke.1000",
              "1.23.9-gke.2100",
              "1.23.9-gke.900",
              "1.23.8-gke.1900",
              "1.22.15-gke.2500",
              "1.22.15-gke.1000",
              "1.22.15-gke.100",
              "1.22.14-gke.300",
              "1.22.13-gke.1000",
              "1.22.12-gke.2300",
              "1.21.14-gke.8500",
              "1.21.14-gke.7100",
              "1.21.14-gke.5300",
              "1.21.14-gke.4300",
              "1.21.14-gke.3000"
            ],
            "valid_node_versions": [
              "1.24.7-gke.900",
              "1.24.6-gke.1500",
              "1.24.5-gke.600",
              "1.24.4-gke.800",
              "1.24.3-gke.2100",
              "1.24.3-gke.900",
              "1.24.3-gke.200",
              "1.24.2-gke.1900",
              "1.24.2-gke.300",
              "1.24.1-gke.1800",
              "1.24.1-gke.1400",
              "1.23.13-gke.900",
              "1.23.12-gke.1600",
              "1.23.12-gke.100",
              "1.23.11-gke.300",
              "1.23.10-gke.1000",
              "1.23.9-gke.2100",
              "1.23.9-gke.900",
              "1.23.8-gke.1900",
              "1.23.8-gke.400",
              "1.23.7-gke.1400",
              "1.23.6-gke.2200",
              "1.23.6-gke.1700",
              "1.23.6-gke.1501",
              "1.23.6-gke.1500",
              "1.23.5-gke.2400",
              "1.23.5-gke.1503",
              "1.23.5-gke.1501",
              "1.22.15-gke.2500",
              "1.22.15-gke.1000",
              "1.22.15-gke.100",
              "1.22.14-gke.300",
              "1.22.13-gke.1000",
              "1.22.12-gke.2300",
              "1.22.12-gke.1200",
              "1.22.12-gke.500",
              "1.22.12-gke.300",
              "1.22.11-gke.400",
              "1.22.10-gke.600",
              "1.22.9-gke.2000",
              "1.22.9-gke.1500",
              "1.22.9-gke.1300",
              "1.22.8-gke.2200",
              "1.22.8-gke.202",
              "1.22.8-gke.201",
              "1.22.8-gke.200",
              "1.22.7-gke.1500",
              "1.22.7-gke.1300",
              "1.22.7-gke.900",
              "1.22.7-gke.300",
              "1.22.6-gke.1000",
              "1.22.6-gke.300",
              "1.22.4-gke.1501",
              "1.22.3-gke.1500",
              "1.21.14-gke.8500",
              "1.21.14-gke.7100",
              "1.21.14-gke.5300",
              "1.21.14-gke.4300",
              "1.21.14-gke.3000",
              "1.21.14-gke.2700",
              "1.21.14-gke.2100",
              "1.21.14-gke.700",
              "1.21.13-gke.900",
              "1.21.12-gke.2200",
              "1.21.12-gke.1700",
              "1.21.12-gke.1500",
              "1.21.11-gke.1900",
              "1.21.11-gke.1100",
              "1.21.11-gke.900",
              "1.21.10-gke.2000",
              "1.21.10-gke.1500",
              "1.21.10-gke.1300",
              "1.21.10-gke.400",
              "1.21.9-gke.1002",
              "1.21.9-gke.1001",
              "1.21.9-gke.1000",
              "1.21.9-gke.300",
              "1.21.6-gke.1503",
              "1.21.6-gke.1501",
              "1.21.6-gke.1500",
              "1.21.5-gke.1805",
              "1.21.5-gke.1802",
              "1.21.5-gke.1302",
              "1.21.5-gke.1300",
              "1.21.4-gke.2302",
              "1.21.4-gke.2300",
              "1.21.3-gke.2003",
              "1.21.3-gke.2001",
              "1.20.15-gke.13700",
              "1.20.15-gke.13400",
              "1.20.15-gke.12800",
              "1.20.15-gke.11400",
              "1.20.15-gke.9900",
              "1.20.15-gke.8700",
              "1.20.15-gke.8200",
              "1.20.15-gke.8000",
              "1.20.15-gke.6000",
              "1.20.15-gke.5200",
              "1.20.15-gke.5000",
              "1.20.15-gke.4100",
              "1.20.15-gke.3600",
              "1.20.15-gke.3400",
              "1.20.15-gke.2500",
              "1.20.15-gke.1000",
              "1.20.15-gke.300",
              "1.20.12-gke.1500",
              "1.20.11-gke.1801",
              "1.20.11-gke.1300",
              "1.20.10-gke.2100",
              "1.20.10-gke.1600",
              "1.20.10-gke.301",
              "1.20.9-gke.2100",
              "1.20.9-gke.1001",
              "1.20.9-gke.1000",
              "1.20.9-gke.701",
              "1.20.9-gke.700",
              "1.20.8-gke.2101",
              "1.20.8-gke.2100",
              "1.20.8-gke.900",
              "1.20.8-gke.700",
              "1.20.7-gke.2200",
              "1.20.7-gke.1800",
              "1.20.6-gke.1400",
              "1.20.6-gke.1000",
              "1.19.16-gke.15700",
              "1.19.16-gke.14500",
              "1.19.16-gke.14000",
              "1.19.16-gke.13800",
              "1.19.16-gke.11800",
              "1.19.16-gke.11000",
              "1.19.16-gke.10800",
              "1.19.16-gke.9900",
              "1.19.16-gke.9400",
              "1.19.16-gke.9200",
              "1.19.16-gke.8300",
              "1.19.16-gke.6800",
              "1.19.16-gke.6100",
              "1.19.16-gke.3600",
              "1.19.15-gke.1801",
              "1.19.15-gke.1300",
              "1.19.15-gke.500",
              "1.19.14-gke.2300",
              "1.19.14-gke.1900",
              "1.19.14-gke.301",
              "1.19.14-gke.300",
              "1.19.13-gke.1900",
              "1.19.13-gke.1200",
              "1.19.13-gke.701",
              "1.19.13-gke.700",
              "1.19.12-gke.2101",
              "1.19.12-gke.2100",
              "1.19.12-gke.1100",
              "1.19.12-gke.900",
              "1.19.12-gke.700",
              "1.19.11-gke.2101",
              "1.19.11-gke.2100",
              "1.19.11-gke.1701",
              "1.19.11-gke.1700",
              "1.19.10-gke.1701",
              "1.19.10-gke.1700",
              "1.19.10-gke.1601",
              "1.19.10-gke.1600",
              "1.19.10-gke.1001",
              "1.19.10-gke.1000",
              "1.19.9-gke.1900",
              "1.19.9-gke.1400",
              "1.19.9-gke.700",
              "1.19.9-gke.100",
              "1.19.8-gke.2000",
              "1.19.8-gke.1600",
              "1.19.8-gke.1000",
              "1.19.7-gke.2503",
              "1.19.7-gke.1500",
              "1.19.7-gke.1302",
              "1.19.7-gke.800",
              "1.19.6-gke.1700",
              "1.19.6-gke.1100",
              "1.19.6-gke.600",
              "1.18.20-gke.6101",
              "1.18.20-gke.6000",
              "1.18.20-gke.4501",
              "1.18.20-gke.4500",
              "1.18.20-gke.4100",
              "1.18.20-gke.3300",
              "1.18.20-gke.3001",
              "1.18.20-gke.3000",
              "1.18.20-gke.2300",
              "1.18.20-gke.901",
              "1.18.20-gke.900",
              "1.18.20-gke.501",
              "1.18.19-gke.2101",
              "1.18.19-gke.2100",
              "1.18.19-gke.1701",
              "1.18.19-gke.1700",
              "1.18.18-gke.1701",
              "1.18.18-gke.1700",
              "1.18.18-gke.1101",
              "1.18.18-gke.1100",
              "1.18.17-gke.1901",
              "1.18.17-gke.1900",
              "1.18.17-gke.1201",
              "1.18.17-gke.1200",
              "1.18.17-gke.700",
              "1.18.17-gke.100",
              "1.18.16-gke.2100",
              "1.18.16-gke.1201",
              "1.18.16-gke.1200",
              "1.18.16-gke.502",
              "1.18.16-gke.500",
              "1.18.16-gke.302",
              "1.18.16-gke.300",
              "1.18.15-gke.2500",
              "1.18.15-gke.1502",
              "1.18.15-gke.1501",
              "1.18.15-gke.1500",
              "1.18.15-gke.1102",
              "1.18.15-gke.1100",
              "1.18.15-gke.800",
              "1.18.14-gke.1600",
              "1.18.14-gke.1200",
              "1.18.12-gke.1210",
              "1.18.12-gke.1206",
              "1.18.12-gke.1205",
              "1.18.12-gke.1201",
              "1.18.12-gke.1200",
              "1.18.12-gke.300",
              "1.18.10-gke.2701",
              "1.18.10-gke.2101",
              "1.18.10-gke.1500",
              "1.18.10-gke.601",
              "1.18.9-gke.2501",
              "1.18.9-gke.1501",
              "1.18.9-gke.801",
              "1.18.6-gke.4801",
              "1.18.6-gke.3504",
              "1.18.6-gke.3503",
              "1.17.17-gke.9100",
              "1.17.17-gke.8500",
              "1.17.17-gke.8200",
              "1.17.17-gke.7800",
              "1.17.17-gke.7200",
              "1.17.17-gke.6700",
              "1.17.17-gke.6000",
              "1.17.17-gke.5400",
              "1.17.17-gke.4900",
              "1.17.17-gke.4400",
              "1.17.17-gke.3700",
              "1.17.17-gke.3000",
              "1.17.17-gke.2800",
              "1.17.17-gke.2500",
              "1.17.17-gke.1500",
              "1.17.17-gke.1101",
              "1.17.17-gke.1100",
              "1.17.17-gke.600",
              "1.17.16-gke.1600",
              "1.17.16-gke.1300",
              "1.17.15-gke.800",
              "1.17.15-gke.300",
              "1.17.14-gke.1600",
              "1.17.14-gke.1200",
              "1.17.14-gke.400",
              "1.17.13-gke.2600",
              "1.17.13-gke.2001",
              "1.17.13-gke.1401",
              "1.17.13-gke.1400",
              "1.17.13-gke.600",
              "1.17.12-gke.2502",
              "1.17.12-gke.1504",
              "1.17.12-gke.1501",
              "1.17.12-gke.500",
              "1.17.9-gke.6300",
              "1.17.9-gke.1504",
              "1.16.15-gke.14800",
              "1.16.15-gke.12500",
              "1.16.15-gke.11800",
              "1.16.15-gke.10600",
              "1.16.15-gke.7801",
              "1.16.15-gke.7800",
              "1.16.15-gke.7300",
              "1.16.15-gke.6900",
              "1.16.15-gke.6000",
              "1.16.15-gke.5500",
              "1.16.15-gke.4901",
              "1.16.15-gke.4301",
              "1.16.15-gke.4300",
              "1.16.15-gke.3500",
              "1.16.15-gke.2601",
              "1.16.15-gke.1600",
              "1.16.15-gke.500",
              "1.16.13-gke.404",
              "1.16.13-gke.403",
              "1.16.13-gke.401",
              "1.16.13-gke.400",
              "1.16.13-gke.1",
              "1.16.11-gke.5",
              "1.16.10-gke.8",
              "1.16.9-gke.6",
              "1.16.9-gke.2",
              "1.16.8-gke.15",
              "1.16.8-gke.12",
              "1.16.8-gke.9",
              "1.15.12-gke.6002",
              "1.15.12-gke.6001",
              "1.15.12-gke.5000",
              "1.15.12-gke.4002",
              "1.15.12-gke.4000",
              "1.15.12-gke.20",
              "1.15.12-gke.17",
              "1.15.12-gke.16",
              "1.15.12-gke.13",
              "1.15.12-gke.9",
              "1.15.12-gke.6",
              "1.15.12-gke.3",
              "1.15.12-gke.2",
              "1.15.11-gke.17",
              "1.15.11-gke.15",
              "1.15.11-gke.13",
              "1.15.11-gke.12",
              "1.15.11-gke.11",
              "1.15.11-gke.9",
              "1.15.11-gke.5",
              "1.15.11-gke.3",
              "1.15.11-gke.1",
              "1.15.9-gke.26",
              "1.15.9-gke.24",
              "1.15.9-gke.22",
              "1.15.9-gke.12",
              "1.15.9-gke.9",
              "1.15.9-gke.8",
              "1.15.8-gke.3",
              "1.15.8-gke.2",
              "1.15.7-gke.23",
              "1.15.7-gke.2",
              "1.15.4-gke.22",
              "1.14.10-gke.1504",
              "1.14.10-gke.902",
              "1.14.10-gke.50",
              "1.14.10-gke.46",
              "1.14.10-gke.45",
              "1.14.10-gke.42",
              "1.14.10-gke.41",
              "1.14.10-gke.40",
              "1.14.10-gke.37",
              "1.14.10-gke.36",
              "1.14.10-gke.34",
              "1.14.10-gke.32",
              "1.14.10-gke.31",
              "1.14.10-gke.27",
              "1.14.10-gke.24",
              "1.14.10-gke.22",
              "1.14.10-gke.21",
              "1.14.10-gke.17",
              "1.14.10-gke.0",
              "1.14.9-gke.23",
              "1.14.9-gke.2",
              "1.14.9-gke.0",
              "1.14.8-gke.33",
              "1.14.8-gke.21",
              "1.14.8-gke.18",
              "1.14.8-gke.17",
              "1.14.8-gke.14",
              "1.14.8-gke.12",
              "1.14.8-gke.7",
              "1.14.8-gke.2",
              "1.14.7-gke.40",
              "1.14.7-gke.25",
              "1.14.7-gke.23",
              "1.14.7-gke.17",
              "1.14.7-gke.14",
              "1.14.7-gke.10",
              "1.14.6-gke.13",
              "1.14.6-gke.2",
              "1.14.6-gke.1",
              "1.14.3-gke.11",
              "1.14.3-gke.10",
              "1.14.3-gke.9",
              "1.14.2-gke.9",
              "1.14.1-gke.5",
              "1.13.12-gke.30",
              "1.13.12-gke.25",
              "1.13.12-gke.17",
              "1.13.12-gke.16",
              "1.13.12-gke.14",
              "1.13.12-gke.13",
              "1.13.12-gke.10",
              "1.13.12-gke.8",
              "1.13.12-gke.4",
              "1.13.12-gke.2",
              "1.13.11-gke.23",
              "1.13.11-gke.15",
              "1.13.11-gke.14",
              "1.13.11-gke.12",
              "1.13.11-gke.11",
              "1.13.11-gke.9",
              "1.13.11-gke.5",
              "1.13.10-gke.7",
              "1.13.10-gke.0",
              "1.13.9-gke.11",
              "1.13.9-gke.3",
              "1.13.7-gke.24",
              "1.13.7-gke.19",
              "1.13.7-gke.15",
              "1.13.7-gke.8",
              "1.13.7-gke.0",
              "1.13.6-gke.13",
              "1.13.6-gke.6",
              "1.13.6-gke.5",
              "1.13.6-gke.0",
              "1.13.5-gke.10",
              "1.12.10-gke.22",
              "1.12.10-gke.20",
              "1.12.10-gke.19",
              "1.12.10-gke.18",
              "1.12.10-gke.17",
              "1.12.10-gke.15",
              "1.12.10-gke.13",
              "1.12.10-gke.11",
              "1.12.10-gke.5",
              "1.12.9-gke.16",
              "1.12.9-gke.15",
              "1.12.9-gke.13",
              "1.12.9-gke.10",
              "1.12.9-gke.7",
              "1.12.9-gke.3",
              "1.12.8-gke.12",
              "1.12.8-gke.10",
              "1.12.8-gke.7",
              "1.12.8-gke.6",
              "1.12.7-gke.26",
              "1.12.7-gke.25",
              "1.12.7-gke.24",
              "1.12.7-gke.22",
              "1.12.7-gke.21",
              "1.12.7-gke.17",
              "1.12.7-gke.10",
              "1.12.7-gke.7",
              "1.12.6-gke.11",
              "1.12.6-gke.10",
              "1.12.6-gke.7",
              "1.12.5-gke.10",
              "1.12.5-gke.5",
              "1.11.10-gke.6",
              "1.11.10-gke.5"
            ],
            "version_prefix": null
          },
          "sensitive_attributes": []
        }
      ]
    },
    {
      "module": "module.gke",
      "mode": "data",
      "type": "google_container_engine_versions",
      "name": "zone",
      "provider": "provider[\"registry.terraform.io/hashicorp/google\"]",
      "instances": [
        {
          "schema_version": 0,
          "attributes": {
            "default_cluster_version": "1.23.12-gke.100",
            "id": "2022-11-25 20:04:41.936206039 +0000 UTC",
            "latest_master_version": "1.24.7-gke.900",
            "latest_node_version": "1.24.7-gke.900",
            "location": "asia-south1-a",
            "project": "sadaindia-tvm-poc-de",
            "release_channel_default_version": {
              "RAPID": "1.24.5-gke.600",
              "REGULAR": "1.23.12-gke.100",
              "STABLE": "1.22.15-gke.100"
            },
            "valid_master_versions": [
              "1.24.7-gke.900",
              "1.24.6-gke.1500",
              "1.24.5-gke.600",
              "1.24.4-gke.800",
              "1.23.13-gke.900",
              "1.23.12-gke.1600",
              "1.23.12-gke.100",
              "1.23.11-gke.300",
              "1.23.10-gke.1000",
              "1.23.9-gke.2100",
              "1.23.9-gke.900",
              "1.23.8-gke.1900",
              "1.22.15-gke.2500",
              "1.22.15-gke.1000",
              "1.22.15-gke.100",
              "1.22.14-gke.300",
              "1.22.13-gke.1000",
              "1.22.12-gke.2300",
              "1.21.14-gke.8500",
              "1.21.14-gke.7100",
              "1.21.14-gke.5300",
              "1.21.14-gke.4300",
              "1.21.14-gke.3000"
            ],
            "valid_node_versions": [
              "1.24.7-gke.900",
              "1.24.6-gke.1500",
              "1.24.5-gke.600",
              "1.24.4-gke.800",
              "1.24.3-gke.2100",
              "1.24.3-gke.900",
              "1.24.3-gke.200",
              "1.24.2-gke.1900",
              "1.24.2-gke.300",
              "1.24.1-gke.1800",
              "1.24.1-gke.1400",
              "1.23.13-gke.900",
              "1.23.12-gke.1600",
              "1.23.12-gke.100",
              "1.23.11-gke.300",
              "1.23.10-gke.1000",
              "1.23.9-gke.2100",
              "1.23.9-gke.900",
              "1.23.8-gke.1900",
              "1.23.8-gke.400",
              "1.23.7-gke.1400",
              "1.23.6-gke.2200",
              "1.23.6-gke.1700",
              "1.23.6-gke.1501",
              "1.23.6-gke.1500",
              "1.23.5-gke.2400",
              "1.23.5-gke.1503",
              "1.23.5-gke.1501",
              "1.22.15-gke.2500",
              "1.22.15-gke.1000",
              "1.22.15-gke.100",
              "1.22.14-gke.300",
              "1.22.13-gke.1000",
              "1.22.12-gke.2300",
              "1.22.12-gke.1200",
              "1.22.12-gke.500",
              "1.22.12-gke.300",
              "1.22.11-gke.400",
              "1.22.10-gke.600",
              "1.22.9-gke.2000",
              "1.22.9-gke.1500",
              "1.22.9-gke.1300",
              "1.22.8-gke.2200",
              "1.22.8-gke.202",
              "1.22.8-gke.201",
              "1.22.8-gke.200",
              "1.22.7-gke.1500",
              "1.22.7-gke.1300",
              "1.22.7-gke.900",
              "1.22.7-gke.300",
              "1.22.6-gke.1000",
              "1.22.6-gke.300",
              "1.22.4-gke.1501",
              "1.22.3-gke.1500",
              "1.21.14-gke.8500",
              "1.21.14-gke.7100",
              "1.21.14-gke.5300",
              "1.21.14-gke.4300",
              "1.21.14-gke.3000",
              "1.21.14-gke.2700",
              "1.21.14-gke.2100",
              "1.21.14-gke.700",
              "1.21.13-gke.900",
              "1.21.12-gke.2200",
              "1.21.12-gke.1700",
              "1.21.12-gke.1500",
              "1.21.11-gke.1900",
              "1.21.11-gke.1100",
              "1.21.11-gke.900",
              "1.21.10-gke.2000",
              "1.21.10-gke.1500",
              "1.21.10-gke.1300",
              "1.21.10-gke.400",
              "1.21.9-gke.1002",
              "1.21.9-gke.1001",
              "1.21.9-gke.1000",
              "1.21.9-gke.300",
              "1.21.6-gke.1503",
              "1.21.6-gke.1501",
              "1.21.6-gke.1500",
              "1.21.5-gke.1805",
              "1.21.5-gke.1802",
              "1.21.5-gke.1302",
              "1.21.5-gke.1300",
              "1.21.4-gke.2302",
              "1.21.4-gke.2300",
              "1.21.3-gke.2003",
              "1.21.3-gke.2001",
              "1.20.15-gke.13700",
              "1.20.15-gke.13400",
              "1.20.15-gke.12800",
              "1.20.15-gke.11400",
              "1.20.15-gke.9900",
              "1.20.15-gke.8700",
              "1.20.15-gke.8200",
              "1.20.15-gke.8000",
              "1.20.15-gke.6000",
              "1.20.15-gke.5200",
              "1.20.15-gke.5000",
              "1.20.15-gke.4100",
              "1.20.15-gke.3600",
              "1.20.15-gke.3400",
              "1.20.15-gke.2500",
              "1.20.15-gke.1000",
              "1.20.15-gke.300",
              "1.20.12-gke.1500",
              "1.20.11-gke.1801",
              "1.20.11-gke.1300",
              "1.20.10-gke.2100",
              "1.20.10-gke.1600",
              "1.20.10-gke.301",
              "1.20.9-gke.2100",
              "1.20.9-gke.1001",
              "1.20.9-gke.1000",
              "1.20.9-gke.701",
              "1.20.9-gke.700",
              "1.20.8-gke.2101",
              "1.20.8-gke.2100",
              "1.20.8-gke.900",
              "1.20.8-gke.700",
              "1.20.7-gke.2200",
              "1.20.7-gke.1800",
              "1.20.6-gke.1400",
              "1.20.6-gke.1000",
              "1.19.16-gke.15700",
              "1.19.16-gke.14500",
              "1.19.16-gke.14000",
              "1.19.16-gke.13800",
              "1.19.16-gke.11800",
              "1.19.16-gke.11000",
              "1.19.16-gke.10800",
              "1.19.16-gke.9900",
              "1.19.16-gke.9400",
              "1.19.16-gke.9200",
              "1.19.16-gke.8300",
              "1.19.16-gke.6800",
              "1.19.16-gke.6100",
              "1.19.16-gke.3600",
              "1.19.15-gke.1801",
              "1.19.15-gke.1300",
              "1.19.15-gke.500",
              "1.19.14-gke.2300",
              "1.19.14-gke.1900",
              "1.19.14-gke.301",
              "1.19.14-gke.300",
              "1.19.13-gke.1900",
              "1.19.13-gke.1200",
              "1.19.13-gke.701",
              "1.19.13-gke.700",
              "1.19.12-gke.2101",
              "1.19.12-gke.2100",
              "1.19.12-gke.1100",
              "1.19.12-gke.900",
              "1.19.12-gke.700",
              "1.19.11-gke.2101",
              "1.19.11-gke.2100",
              "1.19.11-gke.1701",
              "1.19.11-gke.1700",
              "1.19.10-gke.1701",
              "1.19.10-gke.1700",
              "1.19.10-gke.1601",
              "1.19.10-gke.1600",
              "1.19.10-gke.1001",
              "1.19.10-gke.1000",
              "1.19.9-gke.1900",
              "1.19.9-gke.1400",
              "1.19.9-gke.700",
              "1.19.9-gke.100",
              "1.19.8-gke.2000",
              "1.19.8-gke.1600",
              "1.19.8-gke.1000",
              "1.19.7-gke.2503",
              "1.19.7-gke.1500",
              "1.19.7-gke.1302",
              "1.19.7-gke.800",
              "1.19.6-gke.1700",
              "1.19.6-gke.1100",
              "1.19.6-gke.600",
              "1.18.20-gke.6101",
              "1.18.20-gke.6000",
              "1.18.20-gke.4501",
              "1.18.20-gke.4500",
              "1.18.20-gke.4100",
              "1.18.20-gke.3300",
              "1.18.20-gke.3001",
              "1.18.20-gke.3000",
              "1.18.20-gke.2300",
              "1.18.20-gke.901",
              "1.18.20-gke.900",
              "1.18.20-gke.501",
              "1.18.19-gke.2101",
              "1.18.19-gke.2100",
              "1.18.19-gke.1701",
              "1.18.19-gke.1700",
              "1.18.18-gke.1701",
              "1.18.18-gke.1700",
              "1.18.18-gke.1101",
              "1.18.18-gke.1100",
              "1.18.17-gke.1901",
              "1.18.17-gke.1900",
              "1.18.17-gke.1201",
              "1.18.17-gke.1200",
              "1.18.17-gke.700",
              "1.18.17-gke.100",
              "1.18.16-gke.2100",
              "1.18.16-gke.1201",
              "1.18.16-gke.1200",
              "1.18.16-gke.502",
              "1.18.16-gke.500",
              "1.18.16-gke.302",
              "1.18.16-gke.300",
              "1.18.15-gke.2500",
              "1.18.15-gke.1502",
              "1.18.15-gke.1501",
              "1.18.15-gke.1500",
              "1.18.15-gke.1102",
              "1.18.15-gke.1100",
              "1.18.15-gke.800",
              "1.18.14-gke.1600",
              "1.18.14-gke.1200",
              "1.18.12-gke.1210",
              "1.18.12-gke.1206",
              "1.18.12-gke.1205",
              "1.18.12-gke.1201",
              "1.18.12-gke.1200",
              "1.18.12-gke.300",
              "1.18.10-gke.2701",
              "1.18.10-gke.2101",
              "1.18.10-gke.1500",
              "1.18.10-gke.601",
              "1.18.9-gke.2501",
              "1.18.9-gke.1501",
              "1.18.9-gke.801",
              "1.18.6-gke.4801",
              "1.18.6-gke.3504",
              "1.18.6-gke.3503",
              "1.17.17-gke.9100",
              "1.17.17-gke.8500",
              "1.17.17-gke.8200",
              "1.17.17-gke.7800",
              "1.17.17-gke.7200",
              "1.17.17-gke.6700",
              "1.17.17-gke.6000",
              "1.17.17-gke.5400",
              "1.17.17-gke.4900",
              "1.17.17-gke.4400",
              "1.17.17-gke.3700",
              "1.17.17-gke.3000",
              "1.17.17-gke.2800",
              "1.17.17-gke.2500",
              "1.17.17-gke.1500",
              "1.17.17-gke.1101",
              "1.17.17-gke.1100",
              "1.17.17-gke.600",
              "1.17.16-gke.1600",
              "1.17.16-gke.1300",
              "1.17.15-gke.800",
              "1.17.15-gke.300",
              "1.17.14-gke.1600",
              "1.17.14-gke.1200",
              "1.17.14-gke.400",
              "1.17.13-gke.2600",
              "1.17.13-gke.2001",
              "1.17.13-gke.1401",
              "1.17.13-gke.1400",
              "1.17.13-gke.600",
              "1.17.12-gke.2502",
              "1.17.12-gke.1504",
              "1.17.12-gke.1501",
              "1.17.12-gke.500",
              "1.17.9-gke.6300",
              "1.17.9-gke.1504",
              "1.16.15-gke.14800",
              "1.16.15-gke.12500",
              "1.16.15-gke.11800",
              "1.16.15-gke.10600",
              "1.16.15-gke.7801",
              "1.16.15-gke.7800",
              "1.16.15-gke.7300",
              "1.16.15-gke.6900",
              "1.16.15-gke.6000",
              "1.16.15-gke.5500",
              "1.16.15-gke.4901",
              "1.16.15-gke.4301",
              "1.16.15-gke.4300",
              "1.16.15-gke.3500",
              "1.16.15-gke.2601",
              "1.16.15-gke.1600",
              "1.16.15-gke.500",
              "1.16.13-gke.404",
              "1.16.13-gke.403",
              "1.16.13-gke.401",
              "1.16.13-gke.400",
              "1.16.13-gke.1",
              "1.16.11-gke.5",
              "1.16.10-gke.8",
              "1.16.9-gke.6",
              "1.16.9-gke.2",
              "1.16.8-gke.15",
              "1.16.8-gke.12",
              "1.16.8-gke.9",
              "1.15.12-gke.6002",
              "1.15.12-gke.6001",
              "1.15.12-gke.5000",
              "1.15.12-gke.4002",
              "1.15.12-gke.4000",
              "1.15.12-gke.20",
              "1.15.12-gke.17",
              "1.15.12-gke.16",
              "1.15.12-gke.13",
              "1.15.12-gke.9",
              "1.15.12-gke.6",
              "1.15.12-gke.3",
              "1.15.12-gke.2",
              "1.15.11-gke.17",
              "1.15.11-gke.15",
              "1.15.11-gke.13",
              "1.15.11-gke.12",
              "1.15.11-gke.11",
              "1.15.11-gke.9",
              "1.15.11-gke.5",
              "1.15.11-gke.3",
              "1.15.11-gke.1",
              "1.15.9-gke.26",
              "1.15.9-gke.24",
              "1.15.9-gke.22",
              "1.15.9-gke.12",
              "1.15.9-gke.9",
              "1.15.9-gke.8",
              "1.15.8-gke.3",
              "1.15.8-gke.2",
              "1.15.7-gke.23",
              "1.15.7-gke.2",
              "1.15.4-gke.22",
              "1.14.10-gke.1504",
              "1.14.10-gke.902",
              "1.14.10-gke.50",
              "1.14.10-gke.46",
              "1.14.10-gke.45",
              "1.14.10-gke.42",
              "1.14.10-gke.41",
              "1.14.10-gke.40",
              "1.14.10-gke.37",
              "1.14.10-gke.36",
              "1.14.10-gke.34",
              "1.14.10-gke.32",
              "1.14.10-gke.31",
              "1.14.10-gke.27",
              "1.14.10-gke.24",
              "1.14.10-gke.22",
              "1.14.10-gke.21",
              "1.14.10-gke.17",
              "1.14.10-gke.0",
              "1.14.9-gke.23",
              "1.14.9-gke.2",
              "1.14.9-gke.0",
              "1.14.8-gke.33",
              "1.14.8-gke.21",
              "1.14.8-gke.18",
              "1.14.8-gke.17",
              "1.14.8-gke.14",
              "1.14.8-gke.12",
              "1.14.8-gke.7",
              "1.14.8-gke.2",
              "1.14.7-gke.40",
              "1.14.7-gke.25",
              "1.14.7-gke.23",
              "1.14.7-gke.17",
              "1.14.7-gke.14",
              "1.14.7-gke.10",
              "1.14.6-gke.13",
              "1.14.6-gke.2",
              "1.14.6-gke.1",
              "1.14.3-gke.11",
              "1.14.3-gke.10",
              "1.14.3-gke.9",
              "1.14.2-gke.9",
              "1.14.1-gke.5",
              "1.13.12-gke.30",
              "1.13.12-gke.25",
              "1.13.12-gke.17",
              "1.13.12-gke.16",
              "1.13.12-gke.14",
              "1.13.12-gke.13",
              "1.13.12-gke.10",
              "1.13.12-gke.8",
              "1.13.12-gke.4",
              "1.13.12-gke.2",
              "1.13.11-gke.23",
              "1.13.11-gke.15",
              "1.13.11-gke.14",
              "1.13.11-gke.12",
              "1.13.11-gke.11",
              "1.13.11-gke.9",
              "1.13.11-gke.5",
              "1.13.10-gke.7",
              "1.13.10-gke.0",
              "1.13.9-gke.11",
              "1.13.9-gke.3",
              "1.13.7-gke.24",
              "1.13.7-gke.19",
              "1.13.7-gke.15",
              "1.13.7-gke.8",
              "1.13.7-gke.0",
              "1.13.6-gke.13",
              "1.13.6-gke.6",
              "1.13.6-gke.5",
              "1.13.6-gke.0",
              "1.13.5-gke.10",
              "1.12.10-gke.22",
              "1.12.10-gke.20",
              "1.12.10-gke.19",
              "1.12.10-gke.18",
              "1.12.10-gke.17",
              "1.12.10-gke.15",
              "1.12.10-gke.13",
              "1.12.10-gke.11",
              "1.12.10-gke.5",
              "1.12.9-gke.16",
              "1.12.9-gke.15",
              "1.12.9-gke.13",
              "1.12.9-gke.10",
              "1.12.9-gke.7",
              "1.12.9-gke.3",
              "1.12.8-gke.12",
              "1.12.8-gke.10",
              "1.12.8-gke.7",
              "1.12.8-gke.6",
              "1.12.7-gke.26",
              "1.12.7-gke.25",
              "1.12.7-gke.24",
              "1.12.7-gke.22",
              "1.12.7-gke.21",
              "1.12.7-gke.17",
              "1.12.7-gke.10",
              "1.12.7-gke.7",
              "1.12.6-gke.11",
              "1.12.6-gke.10",
              "1.12.6-gke.7",
              "1.12.5-gke.10",
              "1.12.5-gke.5",
              "1.11.10-gke.6",
              "1.11.10-gke.5"
            ],
            "version_prefix": null
          },
          "sensitive_attributes": []
        }
      ]
    },
    {
      "module": "module.gke",
      "mode": "managed",
      "type": "google_container_cluster",
      "name": "primary",
      "provider": "provider[\"registry.terraform.io/hashicorp/google-beta\"]",
      "instances": [
        {
          "schema_version": 1,
          "attributes": {
            "addons_config": [
              {
                "cloudrun_config": [],
                "config_connector_config": [
                  {
                    "enabled": false
                  }
                ],
                "dns_cache_config": [
                  {
                    "enabled": false
                  }
                ],
                "gce_persistent_disk_csi_driver_config": [
                  {
                    "enabled": false
                  }
                ],
                "gcp_filestore_csi_driver_config": [
                  {
                    "enabled": false
                  }
                ],
                "gke_backup_agent_config": [
                  {
                    "enabled": false
                  }
                ],
                "horizontal_pod_autoscaling": [
                  {
                    "disabled": false
                  }
                ],
                "http_load_balancing": [
                  {
                    "disabled": false
                  }
                ],
                "istio_config": [
                  {
                    "auth": "AUTH_MUTUAL_TLS",
                    "disabled": true
                  }
                ],
                "kalm_config": [
                  {
                    "enabled": false
                  }
                ],
                "network_policy_config": [
                  {
                    "disabled": true
                  }
                ]
              }
            ],
            "authenticator_groups_config": [],
            "binary_authorization": [
              {
                "enabled": false,
                "evaluation_mode": ""
              }
            ],
            "cluster_autoscaling": [
              {
                "auto_provisioning_defaults": [],
                "autoscaling_profile": "BALANCED",
                "enabled": false,
                "resource_limits": []
              }
            ],
            "cluster_ipv4_cidr": "172.20.0.0/22",
            "cluster_telemetry": [
              {
                "type": "ENABLED"
              }
            ],
            "confidential_nodes": [],
            "cost_management_config": [],
            "database_encryption": [
              {
                "key_name": "",
                "state": "DECRYPTED"
              }
            ],
            "datapath_provider": "",
            "default_max_pods_per_node": 110,
            "default_snat_status": [
              {
                "disabled": false
              }
            ],
            "description": "",
            "dns_config": [],
            "enable_autopilot": false,
            "enable_binary_authorization": false,
            "enable_intranode_visibility": false,
            "enable_kubernetes_alpha": false,
            "enable_l4_ilb_subsetting": false,
            "enable_legacy_abac": false,
            "enable_shielded_nodes": true,
            "enable_tpu": false,
            "endpoint": "172.16.0.2",
            "id": "projects/sadaindia-tvm-poc-de/locations/asia-south1/clusters/node-pool-update-variant-beta-cluster",
            "identity_service_config": [],
            "initial_node_count": 0,
            "ip_allocation_policy": [
              {
                "cluster_ipv4_cidr_block": "172.20.0.0/22",
                "cluster_secondary_range_name": "pods",
                "services_ipv4_cidr_block": "192.168.64.0/23",
                "services_secondary_range_name": "services"
              }
            ],
            "label_fingerprint": "a9dc16a7",
            "location": "asia-south1",
            "logging_config": [
              {
                "enable_components": [
                  "SYSTEM_COMPONENTS",
                  "WORKLOADS"
                ]
              }
            ],
            "logging_service": "logging.googleapis.com/kubernetes",
            "maintenance_policy": [
              {
                "daily_maintenance_window": [
                  {
                    "duration": "PT4H0M0S",
                    "start_time": "05:00"
                  }
                ],
                "maintenance_exclusion": [],
                "recurring_window": []
              }
            ],
            "master_auth": [
              {
                "client_certificate": "",
                "client_certificate_config": [
                  {
                    "issue_client_certificate": false
                  }
                ],
                "client_key": "",
                "cluster_ca_certificate": "LS0tLS1CRUdJTiBDRVJUSUZJQ0FURS0tLS0tCk1JSUVMRENDQXBTZ0F3SUJBZ0lRVTBQZXN5V2RQbEQ2QU1xWjdoOHlOakFOQmdrcWhraUc5dzBCQVFzRkFEQXYKTVMwd0t3WURWUVFERXlReE0yWTRZMlZpTkMwNVltRTNMVFJsTWpBdE9UZGtNQzA1TTJVeVpHUmpNV1k1WlRVdwpJQmNOTWpJeE1USTFNVGt3TkRVeVdoZ1BNakExTWpFeE1UY3lNREEwTlRKYU1DOHhMVEFyQmdOVkJBTVRKREV6ClpqaGpaV0kwTFRsaVlUY3ROR1V5TUMwNU4yUXdMVGt6WlRKa1pHTXhaamxsTlRDQ0FhSXdEUVlKS29aSWh2Y04KQVFFQkJRQURnZ0dQQURDQ0FZb0NnZ0dCQUxNNW5lRUlsSGFoZWxLbXdMYTdnSnE0UmI3dHg4VkgrRU1NN0JoRwowZ3JnQURvWThHNi9mTTVlbENQdG5IYjhiWHNPSnFKYkRGZVZhcXpwdFdQNk9yeXEzeGhxMXVyWCt1TzYzMXV2Ci9Fck9vMGhVZDlrcjNqWUQyRGg3cjFrTEJybUlidFQvMDBrdEpiOS85UjFkZFFJL255WVF3NXQ4VFB1bUlmVXcKOEdBOWlFeWxjNWpHUHJrQnNnOWZ4cFp0NkRQN0IxZmJRVTkzWWwwVks5MEI0dFRwdEhiOU9IOU5UdzNMa0lVSgpEdXN5Yi9lMmNUWnJmSjBHbWt1aDc0dGhudXB1Z3NZTThtN1JoZjJyTThIbVBNQVFDRVlIVE5WZnB1MnpJN1B4CndTcHFBNHBqa29NWkJZOFoyaDM0QzdtdXZqeEZ1OFFRTXdrcWt3eE1DUFhUTGJMcU40TjM0Wk9DTnp3czBOWFkKNXl5UVJoeHhyblVJWFJYQzYwTit5blZuQmNvd1NqK1o4eVczNG56c2FRdUdyR2ZMTzRKNmN6ZFNXOHdyNHh3NwpuRWdtQldVVkNMRnFMMjJpUTNiejdRcEJ6M3FmSnlocVMwaU9ValNpb3g1aXlCUmRGK3ZuK0JqSEg1L1JHT1BqCm9taUt6NDJ2b1NuR3NtalROL0k4NDM3emtRSURBUUFCbzBJd1FEQU9CZ05WSFE4QkFmOEVCQU1DQWdRd0R3WUQKVlIwVEFRSC9CQVV3QXdFQi96QWRCZ05WSFE0RUZnUVU2RkczcXBmMklkVjhNK0JHbHQxYTJqdDVmeWN3RFFZSgpLb1pJaHZjTkFRRUxCUUFEZ2dHQkFDc3dyTkc5YlZrQ1RZZVdtYlBhdGZGc3lEeFNFdjY3VmRaVWp2QnJyZ2xyCnZFcGUxc1p0cmRxNW5TdmdXT3BTTlM3K3V4ZVczK1BUSE9YZFROUlhDdWYvZ2VTSnNaa3Z4TUtiSUtKbFVHRUwKOXYrSjN1Snl4dlBNVGlwTUZ4b01wcFMvVnpZOHNIZE1GbndMdVphK0VOVUtuaExNbEdpT1VCRjJFK0RKaldjZQp5K3VpZFU1TW5ybXRQdThGcSt6amFtNUZicVJDNFVEZVh5QVoyUXNIWE81NENpbnMyWncwN0hDVWQwM1RFRTloClB3UmNldUFWUUJ4Z2RiMzJkRzFib1piaURnQm92aDd0dmdDaGdMTU1tL1BCSEVOMm00eEtkZ1BQL3E5RC9zN3cKQk5ZWW5zQUdQNFlrUzBoOVhkYVBZU2I5R2dBNXh2K2d3RUNGajNReWRiSStDSEw1L3pSU0pHZjNOVGx3TWptcwpmdzVQb1RoUm40T2hHTDZySGRuN1pjcTlxMjJKNWFRbTZ2NEc0c3lYL3owOUl4RFdvUDloZEhxWWtDcmIzUXhxCmVRbzEyQTlqZzYvSWh6TkdHbXVTbkNzTXN5VS9zVGp5T0FLU0d3b3NmOU9heGkyY1R3THM0eWU3bi90Z1hZV0YKaXplYjRSYXFWTDVrcjE2c0U1U2JNUT09Ci0tLS0tRU5EIENFUlRJRklDQVRFLS0tLS0K"
              }
            ],
            "master_authorized_networks_config": [
              {
                "cidr_blocks": [
                  {
                    "cidr_block": "10.0.1.0/24",
                    "display_name": "VPC"
                  }
                ]
              }
            ],
            "master_version": "1.24.7-gke.900",
            "mesh_certificates": [],
            "min_master_version": "1.24.7-gke.900",
            "monitoring_config": [
              {
                "enable_components": [
                  "SYSTEM_COMPONENTS"
                ],
                "managed_prometheus": []
              }
            ],
            "monitoring_service": "monitoring.googleapis.com/kubernetes",
            "name": "node-pool-update-variant-beta-cluster",
            "network": "projects/sadaindia-tvm-poc-de/global/networks/k8stest",
            "network_policy": [
              {
                "enabled": false,
                "provider": "PROVIDER_UNSPECIFIED"
              }
            ],
            "networking_mode": "VPC_NATIVE",
            "node_config": [],
            "node_locations": [
              "asia-south1-a",
              "asia-south1-b",
              "asia-south1-c"
            ],
            "node_pool": [],
            "node_pool_auto_config": [
              {
                "network_tags": null
              }
            ],
            "node_pool_defaults": [
              {
                "node_config_defaults": [
                  {
                    "gcfs_config": [],
                    "logging_variant": "DEFAULT"
                  }
                ]
              }
            ],
            "node_version": "1.24.7-gke.900",
            "notification_config": [
              {
                "pubsub": [
                  {
                    "enabled": false,
                    "filter": [],
                    "topic": ""
                  }
                ]
              }
            ],
            "operation": null,
            "pod_security_policy_config": [
              {
                "enabled": false
              }
            ],
            "private_cluster_config": [
              {
                "enable_private_endpoint": true,
                "enable_private_nodes": true,
                "master_global_access_config": [
                  {
                    "enabled": true
                  }
                ],
                "master_ipv4_cidr_block": "172.16.0.0/28",
                "peering_name": "gke-nfebf049dc01045fd3e3-94ab-cd9a-peer",
                "private_endpoint": "172.16.0.2",
                "public_endpoint": "34.93.230.21"
              }
            ],
            "private_ipv6_google_access": "",
            "project": "sadaindia-tvm-poc-de",
            "release_channel": [
              {
                "channel": "UNSPECIFIED"
              }
            ],
            "remove_default_node_pool": true,
            "resource_labels": null,
            "resource_usage_export_config": [],
            "self_link": "https://container.googleapis.com/v1beta1/projects/sadaindia-tvm-poc-de/locations/asia-south1/clusters/node-pool-update-variant-beta-cluster",
            "service_external_ips_config": [
              {
                "enabled": false
              }
            ],
            "services_ipv4_cidr": "192.168.64.0/23",
            "subnetwork": "projects/sadaindia-tvm-poc-de/regions/asia-south1/subnetworks/test",
            "timeouts": {
              "create": "45m",
              "delete": "45m",
              "read": null,
              "update": "45m"
            },
            "tpu_config": null,
            "tpu_ipv4_cidr_block": "",
            "vertical_pod_autoscaling": [
              {
                "enabled": false
              }
            ],
            "workload_identity_config": [
              {
                "workload_pool": "sadaindia-tvm-poc-de.svc.id.goog"
              }
            ]
          },
          "sensitive_attributes": [],
          "private": "eyJlMmJmYjczMC1lY2FhLTExZTYtOGY4OC0zNDM2M2JjN2M0YzAiOnsiY3JlYXRlIjoyNzAwMDAwMDAwMDAwLCJkZWxldGUiOjI3MDAwMDAwMDAwMDAsInJlYWQiOjI0MDAwMDAwMDAwMDAsInVwZGF0ZSI6MjcwMDAwMDAwMDAwMH0sInNjaGVtYV92ZXJzaW9uIjoiMSJ9",
          "dependencies": [
            "data.google_compute_subnetwork.subnetwork",
            "module.gke.data.google_container_engine_versions.region",
            "module.gke.data.google_container_engine_versions.zone",
            "module.gke.google_service_account.cluster_service_account",
            "module.gke.random_shuffle.available_zones"
          ],
          "create_before_destroy": true
        }
      ]
    },
    {
      "module": "module.gke",
      "mode": "managed",
      "type": "google_container_node_pool",
      "name": "pools",
      "provider": "provider[\"registry.terraform.io/hashicorp/google-beta\"]",
      "instances": [
        {
          "index_key": "pool-1",
          "schema_version": 1,
          "attributes": {
            "autoscaling": [
              {
                "location_policy": "BALANCED",
                "max_node_count": 2,
                "min_node_count": 1,
                "total_max_node_count": 0,
                "total_min_node_count": 0
              }
            ],
            "cluster": "node-pool-update-variant-beta-cluster",
            "id": "projects/sadaindia-tvm-poc-de/locations/asia-south1/clusters/node-pool-update-variant-beta-cluster/nodePools/pool-1-548a",
            "initial_node_count": 1,
            "instance_group_urls": [
              "https://www.googleapis.com/compute/v1/projects/sadaindia-tvm-poc-de/zones/asia-south1-a/instanceGroupManagers/gke-node-pool-update-vari-pool-1-548a-e432adf0-grp",
              "https://www.googleapis.com/compute/v1/projects/sadaindia-tvm-poc-de/zones/asia-south1-b/instanceGroupManagers/gke-node-pool-update-vari-pool-1-548a-7ba5382a-grp",
              "https://www.googleapis.com/compute/v1/projects/sadaindia-tvm-poc-de/zones/asia-south1-c/instanceGroupManagers/gke-node-pool-update-vari-pool-1-548a-25795a44-grp"
            ],
            "location": "asia-south1",
            "managed_instance_group_urls": [
              "https://www.googleapis.com/compute/beta/projects/sadaindia-tvm-poc-de/zones/asia-south1-a/instanceGroups/gke-node-pool-update-vari-pool-1-548a-e432adf0-grp",
              "https://www.googleapis.com/compute/beta/projects/sadaindia-tvm-poc-de/zones/asia-south1-b/instanceGroups/gke-node-pool-update-vari-pool-1-548a-7ba5382a-grp",
              "https://www.googleapis.com/compute/beta/projects/sadaindia-tvm-poc-de/zones/asia-south1-c/instanceGroups/gke-node-pool-update-vari-pool-1-548a-25795a44-grp"
            ],
            "management": [
              {
                "auto_repair": true,
                "auto_upgrade": true
              }
            ],
            "max_pods_per_node": 110,
            "name": "pool-1-548a",
            "name_prefix": "",
            "network_config": [
              {
                "create_pod_range": false,
                "pod_ipv4_cidr_block": "172.20.4.0/22",
                "pod_range": "np1"
              }
            ],
            "node_config": [
              {
                "boot_disk_kms_key": "",
                "disk_size_gb": 30,
                "disk_type": "pd-standard",
                "ephemeral_storage_config": [],
                "gcfs_config": [],
                "guest_accelerator": [],
                "gvnic": [],
                "image_type": "COS_CONTAINERD",
                "kubelet_config": [],
                "labels": {
                  "all-pools-example": "true",
                  "cluster_name": "node-pool-update-variant-beta-cluster",
                  "node_pool": "pool-1"
                },
                "linux_node_config": [],
                "local_ssd_count": 0,
                "logging_variant": "DEFAULT",
                "machine_type": "e2-micro",
                "metadata": {
                  "cluster_name": "node-pool-update-variant-beta-cluster",
                  "disable-legacy-endpoints": "true",
                  "node_pool": "pool-1"
                },
                "min_cpu_platform": "",
                "node_group": "",
                "oauth_scopes": [
                  "https://www.googleapis.com/auth/cloud-platform",
                  "https://www.googleapis.com/auth/userinfo.email"
                ],
                "preemptible": false,
                "reservation_affinity": [],
                "sandbox_config": [],
                "service_account": "gke-sa@sadaindia-tvm-poc-de.iam.gserviceaccount.com",
                "shielded_instance_config": [
                  {
                    "enable_integrity_monitoring": true,
                    "enable_secure_boot": false
                  }
                ],
                "spot": false,
                "tags": [
                  "gke-node-pool-update-variant-beta-cluster",
                  "gke-node-pool-update-variant-beta-cluster-pool-1",
                  "all-node-example"
                ],
                "taint": [
                  {
                    "effect": "PREFER_NO_SCHEDULE",
                    "key": "all-pools-example",
                    "value": "true"
                  }
                ],
                "workload_metadata_config": [
                  {
                    "mode": "GKE_METADATA"
                  }
                ]
              }
            ],
            "node_count": 1,
            "node_locations": [
              "asia-south1-a",
              "asia-south1-b",
              "asia-south1-c"
            ],
            "operation": null,
            "placement_policy": [],
            "project": "sadaindia-tvm-poc-de",
            "timeouts": {
              "create": "45m",
              "delete": "45m",
              "update": "45m"
            },
            "upgrade_settings": [
              {
                "blue_green_settings": [],
                "max_surge": 1,
                "max_unavailable": 0,
                "strategy": "SURGE"
              }
            ],
            "version": "1.24.7-gke.900"
          },
          "sensitive_attributes": [],
          "private": "eyJlMmJmYjczMC1lY2FhLTExZTYtOGY4OC0zNDM2M2JjN2M0YzAiOnsiY3JlYXRlIjoyNzAwMDAwMDAwMDAwLCJkZWxldGUiOjI3MDAwMDAwMDAwMDAsInVwZGF0ZSI6MjcwMDAwMDAwMDAwMH0sInNjaGVtYV92ZXJzaW9uIjoiMSJ9",
          "dependencies": [
            "data.google_compute_subnetwork.subnetwork",
            "module.gke.data.google_container_engine_versions.region",
            "module.gke.data.google_container_engine_versions.zone",
            "module.gke.google_container_cluster.primary",
            "module.gke.google_service_account.cluster_service_account",
            "module.gke.random_id.name",
            "module.gke.random_shuffle.available_zones"
          ],
          "create_before_destroy": true
        },
        {
          "index_key": "pool-2",
          "schema_version": 1,
          "attributes": {
            "autoscaling": [
              {
                "location_policy": "BALANCED",
                "max_node_count": 2,
                "min_node_count": 1,
                "total_max_node_count": 0,
                "total_min_node_count": 0
              }
            ],
            "cluster": "node-pool-update-variant-beta-cluster",
            "id": "projects/sadaindia-tvm-poc-de/locations/asia-south1/clusters/node-pool-update-variant-beta-cluster/nodePools/pool-2-810d",
            "initial_node_count": 1,
            "instance_group_urls": [
              "https://www.googleapis.com/compute/v1/projects/sadaindia-tvm-poc-de/zones/asia-south1-a/instanceGroupManagers/gke-node-pool-update-vari-pool-2-810d-13d50c8a-grp",
              "https://www.googleapis.com/compute/v1/projects/sadaindia-tvm-poc-de/zones/asia-south1-b/instanceGroupManagers/gke-node-pool-update-vari-pool-2-810d-395fa84f-grp",
              "https://www.googleapis.com/compute/v1/projects/sadaindia-tvm-poc-de/zones/asia-south1-c/instanceGroupManagers/gke-node-pool-update-vari-pool-2-810d-e4d182d8-grp"
            ],
            "location": "asia-south1",
            "managed_instance_group_urls": [
              "https://www.googleapis.com/compute/beta/projects/sadaindia-tvm-poc-de/zones/asia-south1-a/instanceGroups/gke-node-pool-update-vari-pool-2-810d-13d50c8a-grp",
              "https://www.googleapis.com/compute/beta/projects/sadaindia-tvm-poc-de/zones/asia-south1-b/instanceGroups/gke-node-pool-update-vari-pool-2-810d-395fa84f-grp",
              "https://www.googleapis.com/compute/beta/projects/sadaindia-tvm-poc-de/zones/asia-south1-c/instanceGroups/gke-node-pool-update-vari-pool-2-810d-e4d182d8-grp"
            ],
            "management": [
              {
                "auto_repair": true,
                "auto_upgrade": true
              }
            ],
            "max_pods_per_node": 110,
            "name": "pool-2-810d",
            "name_prefix": "",
            "network_config": [
              {
                "create_pod_range": false,
                "pod_ipv4_cidr_block": "172.20.8.0/22",
                "pod_range": "np2"
              }
            ],
            "node_config": [
              {
                "boot_disk_kms_key": "",
                "disk_size_gb": 30,
                "disk_type": "pd-standard",
                "ephemeral_storage_config": [],
                "gcfs_config": [],
                "guest_accelerator": [],
                "gvnic": [],
                "image_type": "COS_CONTAINERD",
                "kubelet_config": [],
                "labels": {
                  "all-pools-example": "true",
                  "cluster_name": "node-pool-update-variant-beta-cluster",
                  "node_pool": "pool-2"
                },
                "linux_node_config": [],
                "local_ssd_count": 0,
                "logging_variant": "DEFAULT",
                "machine_type": "e2-micro",
                "metadata": {
                  "cluster_name": "node-pool-update-variant-beta-cluster",
                  "disable-legacy-endpoints": "true",
                  "node_pool": "pool-2"
                },
                "min_cpu_platform": "",
                "node_group": "",
                "oauth_scopes": [
                  "https://www.googleapis.com/auth/cloud-platform",
                  "https://www.googleapis.com/auth/userinfo.email"
                ],
                "preemptible": false,
                "reservation_affinity": [],
                "sandbox_config": [],
                "service_account": "gke-sa@sadaindia-tvm-poc-de.iam.gserviceaccount.com",
                "shielded_instance_config": [
                  {
                    "enable_integrity_monitoring": true,
                    "enable_secure_boot": false
                  }
                ],
                "spot": false,
                "tags": [
                  "gke-node-pool-update-variant-beta-cluster",
                  "gke-node-pool-update-variant-beta-cluster-pool-2",
                  "all-node-example"
                ],
                "taint": [
                  {
                    "effect": "PREFER_NO_SCHEDULE",
                    "key": "all-pools-example",
                    "value": "true"
                  }
                ],
                "workload_metadata_config": [
                  {
                    "mode": "GKE_METADATA"
                  }
                ]
              }
            ],
            "node_count": 1,
            "node_locations": [
              "asia-south1-a",
              "asia-south1-b",
              "asia-south1-c"
            ],
            "operation": null,
            "placement_policy": [],
            "project": "sadaindia-tvm-poc-de",
            "timeouts": {
              "create": "45m",
              "delete": "45m",
              "update": "45m"
            },
            "upgrade_settings": [
              {
                "blue_green_settings": [],
                "max_surge": 1,
                "max_unavailable": 0,
                "strategy": "SURGE"
              }
            ],
            "version": "1.24.7-gke.900"
          },
          "sensitive_attributes": [],
          "private": "eyJlMmJmYjczMC1lY2FhLTExZTYtOGY4OC0zNDM2M2JjN2M0YzAiOnsiY3JlYXRlIjoyNzAwMDAwMDAwMDAwLCJkZWxldGUiOjI3MDAwMDAwMDAwMDAsInVwZGF0ZSI6MjcwMDAwMDAwMDAwMH0sInNjaGVtYV92ZXJzaW9uIjoiMSJ9",
          "dependencies": [
            "data.google_compute_subnetwork.subnetwork",
            "module.gke.data.google_container_engine_versions.region",
            "module.gke.data.google_container_engine_versions.zone",
            "module.gke.google_container_cluster.primary",
            "module.gke.google_service_account.cluster_service_account",
            "module.gke.random_id.name",
            "module.gke.random_shuffle.available_zones"
          ],
          "create_before_destroy": true
        },
        {
          "index_key": "pool-3",
          "schema_version": 1,
          "attributes": {
            "autoscaling": [
              {
                "location_policy": "BALANCED",
                "max_node_count": 2,
                "min_node_count": 1,
                "total_max_node_count": 0,
                "total_min_node_count": 0
              }
            ],
            "cluster": "node-pool-update-variant-beta-cluster",
            "id": "projects/sadaindia-tvm-poc-de/locations/asia-south1/clusters/node-pool-update-variant-beta-cluster/nodePools/pool-3-9e44",
            "initial_node_count": 1,
            "instance_group_urls": [
              "https://www.googleapis.com/compute/v1/projects/sadaindia-tvm-poc-de/zones/asia-south1-a/instanceGroupManagers/gke-node-pool-update-vari-pool-3-9e44-34790a70-grp",
              "https://www.googleapis.com/compute/v1/projects/sadaindia-tvm-poc-de/zones/asia-south1-b/instanceGroupManagers/gke-node-pool-update-vari-pool-3-9e44-d669858e-grp",
              "https://www.googleapis.com/compute/v1/projects/sadaindia-tvm-poc-de/zones/asia-south1-c/instanceGroupManagers/gke-node-pool-update-vari-pool-3-9e44-028e1c98-grp"
            ],
            "location": "asia-south1",
            "managed_instance_group_urls": [
              "https://www.googleapis.com/compute/beta/projects/sadaindia-tvm-poc-de/zones/asia-south1-a/instanceGroups/gke-node-pool-update-vari-pool-3-9e44-34790a70-grp",
              "https://www.googleapis.com/compute/beta/projects/sadaindia-tvm-poc-de/zones/asia-south1-b/instanceGroups/gke-node-pool-update-vari-pool-3-9e44-d669858e-grp",
              "https://www.googleapis.com/compute/beta/projects/sadaindia-tvm-poc-de/zones/asia-south1-c/instanceGroups/gke-node-pool-update-vari-pool-3-9e44-028e1c98-grp"
            ],
            "management": [
              {
                "auto_repair": true,
                "auto_upgrade": true
              }
            ],
            "max_pods_per_node": 110,
            "name": "pool-3-9e44",
            "name_prefix": "",
            "network_config": [
              {
                "create_pod_range": false,
                "pod_ipv4_cidr_block": "172.20.12.0/22",
                "pod_range": "np3"
              }
            ],
            "node_config": [
              {
                "boot_disk_kms_key": "",
                "disk_size_gb": 30,
                "disk_type": "pd-standard",
                "ephemeral_storage_config": [],
                "gcfs_config": [],
                "guest_accelerator": [],
                "gvnic": [],
                "image_type": "COS_CONTAINERD",
                "kubelet_config": [],
                "labels": {
                  "all-pools-example": "true",
                  "cluster_name": "node-pool-update-variant-beta-cluster",
                  "node_pool": "pool-3"
                },
                "linux_node_config": [],
                "local_ssd_count": 0,
                "logging_variant": "DEFAULT",
                "machine_type": "e2-micro",
                "metadata": {
                  "cluster_name": "node-pool-update-variant-beta-cluster",
                  "disable-legacy-endpoints": "true",
                  "node_pool": "pool-3"
                },
                "min_cpu_platform": "",
                "node_group": "",
                "oauth_scopes": [
                  "https://www.googleapis.com/auth/cloud-platform",
                  "https://www.googleapis.com/auth/userinfo.email"
                ],
                "preemptible": false,
                "reservation_affinity": [],
                "sandbox_config": [],
                "service_account": "gke-sa@sadaindia-tvm-poc-de.iam.gserviceaccount.com",
                "shielded_instance_config": [
                  {
                    "enable_integrity_monitoring": true,
                    "enable_secure_boot": false
                  }
                ],
                "spot": false,
                "tags": [
                  "gke-node-pool-update-variant-beta-cluster",
                  "gke-node-pool-update-variant-beta-cluster-pool-3",
                  "all-node-example"
                ],
                "taint": [
                  {
                    "effect": "PREFER_NO_SCHEDULE",
                    "key": "all-pools-example",
                    "value": "true"
                  }
                ],
                "workload_metadata_config": [
                  {
                    "mode": "GKE_METADATA"
                  }
                ]
              }
            ],
            "node_count": 1,
            "node_locations": [
              "asia-south1-a",
              "asia-south1-b",
              "asia-south1-c"
            ],
            "operation": null,
            "placement_policy": [],
            "project": "sadaindia-tvm-poc-de",
            "timeouts": {
              "create": "45m",
              "delete": "45m",
              "update": "45m"
            },
            "upgrade_settings": [
              {
                "blue_green_settings": [],
                "max_surge": 1,
                "max_unavailable": 0,
                "strategy": "SURGE"
              }
            ],
            "version": "1.24.7-gke.900"
          },
          "sensitive_attributes": [],
          "private": "eyJlMmJmYjczMC1lY2FhLTExZTYtOGY4OC0zNDM2M2JjN2M0YzAiOnsiY3JlYXRlIjoyNzAwMDAwMDAwMDAwLCJkZWxldGUiOjI3MDAwMDAwMDAwMDAsInVwZGF0ZSI6MjcwMDAwMDAwMDAwMH0sInNjaGVtYV92ZXJzaW9uIjoiMSJ9",
          "dependencies": [
            "data.google_compute_subnetwork.subnetwork",
            "module.gke.data.google_container_engine_versions.region",
            "module.gke.data.google_container_engine_versions.zone",
            "module.gke.google_container_cluster.primary",
            "module.gke.google_service_account.cluster_service_account",
            "module.gke.random_id.name",
            "module.gke.random_shuffle.available_zones"
          ],
          "create_before_destroy": true
        },
        {
          "index_key": "pool-4",
          "schema_version": 1,
          "attributes": {
            "autoscaling": [
              {
                "location_policy": "BALANCED",
                "max_node_count": 2,
                "min_node_count": 1,
                "total_max_node_count": 0,
                "total_min_node_count": 0
              }
            ],
            "cluster": "node-pool-update-variant-beta-cluster",
            "id": "projects/sadaindia-tvm-poc-de/locations/asia-south1/clusters/node-pool-update-variant-beta-cluster/nodePools/pool-4-16fa",
            "initial_node_count": 1,
            "instance_group_urls": [
              "https://www.googleapis.com/compute/v1/projects/sadaindia-tvm-poc-de/zones/asia-south1-a/instanceGroupManagers/gke-node-pool-update-vari-pool-4-16fa-c53e7b73-grp",
              "https://www.googleapis.com/compute/v1/projects/sadaindia-tvm-poc-de/zones/asia-south1-b/instanceGroupManagers/gke-node-pool-update-vari-pool-4-16fa-933b96be-grp",
              "https://www.googleapis.com/compute/v1/projects/sadaindia-tvm-poc-de/zones/asia-south1-c/instanceGroupManagers/gke-node-pool-update-vari-pool-4-16fa-c11d9aaf-grp"
            ],
            "location": "asia-south1",
            "managed_instance_group_urls": [
              "https://www.googleapis.com/compute/beta/projects/sadaindia-tvm-poc-de/zones/asia-south1-a/instanceGroups/gke-node-pool-update-vari-pool-4-16fa-c53e7b73-grp",
              "https://www.googleapis.com/compute/beta/projects/sadaindia-tvm-poc-de/zones/asia-south1-b/instanceGroups/gke-node-pool-update-vari-pool-4-16fa-933b96be-grp",
              "https://www.googleapis.com/compute/beta/projects/sadaindia-tvm-poc-de/zones/asia-south1-c/instanceGroups/gke-node-pool-update-vari-pool-4-16fa-c11d9aaf-grp"
            ],
            "management": [
              {
                "auto_repair": true,
                "auto_upgrade": true
              }
            ],
            "max_pods_per_node": 110,
            "name": "pool-4-16fa",
            "name_prefix": "",
            "network_config": [
              {
                "create_pod_range": false,
                "pod_ipv4_cidr_block": "172.20.16.0/22",
                "pod_range": "np4"
              }
            ],
            "node_config": [
              {
                "boot_disk_kms_key": "",
                "disk_size_gb": 30,
                "disk_type": "pd-standard",
                "ephemeral_storage_config": [],
                "gcfs_config": [],
                "guest_accelerator": [],
                "gvnic": [],
                "image_type": "COS_CONTAINERD",
                "kubelet_config": [],
                "labels": {
                  "all-pools-example": "true",
                  "cluster_name": "node-pool-update-variant-beta-cluster",
                  "node_pool": "pool-4"
                },
                "linux_node_config": [],
                "local_ssd_count": 0,
                "logging_variant": "DEFAULT",
                "machine_type": "e2-micro",
                "metadata": {
                  "cluster_name": "node-pool-update-variant-beta-cluster",
                  "disable-legacy-endpoints": "true",
                  "node_pool": "pool-4"
                },
                "min_cpu_platform": "",
                "node_group": "",
                "oauth_scopes": [
                  "https://www.googleapis.com/auth/cloud-platform",
                  "https://www.googleapis.com/auth/userinfo.email"
                ],
                "preemptible": false,
                "reservation_affinity": [],
                "sandbox_config": [],
                "service_account": "gke-sa@sadaindia-tvm-poc-de.iam.gserviceaccount.com",
                "shielded_instance_config": [
                  {
                    "enable_integrity_monitoring": true,
                    "enable_secure_boot": false
                  }
                ],
                "spot": false,
                "tags": [
                  "gke-node-pool-update-variant-beta-cluster",
                  "gke-node-pool-update-variant-beta-cluster-pool-4",
                  "all-node-example"
                ],
                "taint": [
                  {
                    "effect": "PREFER_NO_SCHEDULE",
                    "key": "all-pools-example",
                    "value": "true"
                  }
                ],
                "workload_metadata_config": [
                  {
                    "mode": "GKE_METADATA"
                  }
                ]
              }
            ],
            "node_count": 1,
            "node_locations": [
              "asia-south1-a",
              "asia-south1-b",
              "asia-south1-c"
            ],
            "operation": null,
            "placement_policy": [],
            "project": "sadaindia-tvm-poc-de",
            "timeouts": {
              "create": "45m",
              "delete": "45m",
              "update": "45m"
            },
            "upgrade_settings": [
              {
                "blue_green_settings": [],
                "max_surge": 1,
                "max_unavailable": 0,
                "strategy": "SURGE"
              }
            ],
            "version": "1.24.7-gke.900"
          },
          "sensitive_attributes": [],
          "private": "eyJlMmJmYjczMC1lY2FhLTExZTYtOGY4OC0zNDM2M2JjN2M0YzAiOnsiY3JlYXRlIjoyNzAwMDAwMDAwMDAwLCJkZWxldGUiOjI3MDAwMDAwMDAwMDAsInVwZGF0ZSI6MjcwMDAwMDAwMDAwMH0sInNjaGVtYV92ZXJzaW9uIjoiMSJ9",
          "dependencies": [
            "data.google_compute_subnetwork.subnetwork",
            "module.gke.data.google_container_engine_versions.region",
            "module.gke.data.google_container_engine_versions.zone",
            "module.gke.google_container_cluster.primary",
            "module.gke.google_service_account.cluster_service_account",
            "module.gke.random_id.name",
            "module.gke.random_shuffle.available_zones"
          ],
          "create_before_destroy": true
        }
      ]
    },
    {
      "module": "module.gke",
      "mode": "managed",
      "type": "random_id",
      "name": "name",
      "provider": "provider[\"registry.terraform.io/hashicorp/random\"]",
      "instances": [
        {
          "index_key": "pool-1",
          "schema_version": 0,
          "attributes": {
            "b64_std": "pool-1-VIo=",
            "b64_url": "pool-1-VIo",
            "byte_length": 2,
            "dec": "pool-1-21642",
            "hex": "pool-1-548a",
            "id": "VIo",
            "keepers": {
              "accelerator_count": "",
              "accelerator_type": "",
              "disk_size_gb": "30",
              "disk_type": "pd-standard",
              "enable_gcfs": "",
              "enable_gvnic": "",
              "enable_integrity_monitoring": "",
              "enable_secure_boot": "",
              "labels": "all-pools-example,true",
              "local_ssd_count": "",
              "machine_type": "e2-micro",
              "max_pods_per_node": "",
              "metadata": "",
              "min_cpu_platform": "",
              "oauth_scopes": "",
              "pod_range": "np1",
              "preemptible": "",
              "service_account": "gke-sa@sadaindia-tvm-poc-de.iam.gserviceaccount.com",
              "spot": "",
              "tags": "all-node-example",
              "taints": "all/all-pools-example/true/PREFER_NO_SCHEDULE"
            },
            "prefix": "pool-1-"
          },
          "sensitive_attributes": [],
          "create_before_destroy": true
        },
        {
          "index_key": "pool-2",
          "schema_version": 0,
          "attributes": {
            "b64_std": "pool-2-gQ0=",
            "b64_url": "pool-2-gQ0",
            "byte_length": 2,
            "dec": "pool-2-33037",
            "hex": "pool-2-810d",
            "id": "gQ0",
            "keepers": {
              "accelerator_count": "",
              "accelerator_type": "",
              "disk_size_gb": "30",
              "disk_type": "pd-standard",
              "enable_gcfs": "",
              "enable_gvnic": "",
              "enable_integrity_monitoring": "",
              "enable_secure_boot": "",
              "labels": "all-pools-example,true",
              "local_ssd_count": "",
              "machine_type": "e2-micro",
              "max_pods_per_node": "",
              "metadata": "",
              "min_cpu_platform": "",
              "oauth_scopes": "",
              "pod_range": "np2",
              "preemptible": "",
              "service_account": "gke-sa@sadaindia-tvm-poc-de.iam.gserviceaccount.com",
              "spot": "",
              "tags": "all-node-example",
              "taints": "all/all-pools-example/true/PREFER_NO_SCHEDULE"
            },
            "prefix": "pool-2-"
          },
          "sensitive_attributes": [],
          "create_before_destroy": true
        },
        {
          "index_key": "pool-3",
          "schema_version": 0,
          "attributes": {
            "b64_std": "pool-3-nkQ=",
            "b64_url": "pool-3-nkQ",
            "byte_length": 2,
            "dec": "pool-3-40516",
            "hex": "pool-3-9e44",
            "id": "nkQ",
            "keepers": {
              "accelerator_count": "",
              "accelerator_type": "",
              "disk_size_gb": "30",
              "disk_type": "pd-standard",
              "enable_gcfs": "",
              "enable_gvnic": "",
              "enable_integrity_monitoring": "",
              "enable_secure_boot": "",
              "labels": "all-pools-example,true",
              "local_ssd_count": "",
              "machine_type": "e2-micro",
              "max_pods_per_node": "",
              "metadata": "",
              "min_cpu_platform": "",
              "oauth_scopes": "",
              "pod_range": "np3",
              "preemptible": "",
              "service_account": "gke-sa@sadaindia-tvm-poc-de.iam.gserviceaccount.com",
              "spot": "",
              "tags": "all-node-example",
              "taints": "all/all-pools-example/true/PREFER_NO_SCHEDULE"
            },
            "prefix": "pool-3-"
          },
          "sensitive_attributes": [],
          "create_before_destroy": true
        },
        {
          "index_key": "pool-4",
          "schema_version": 0,
          "attributes": {
            "b64_std": "pool-4-Fvo=",
            "b64_url": "pool-4-Fvo",
            "byte_length": 2,
            "dec": "pool-4-5882",
            "hex": "pool-4-16fa",
            "id": "Fvo",
            "keepers": {
              "accelerator_count": "",
              "accelerator_type": "",
              "disk_size_gb": "30",
              "disk_type": "pd-standard",
              "enable_gcfs": "",
              "enable_gvnic": "",
              "enable_integrity_monitoring": "",
              "enable_secure_boot": "",
              "labels": "all-pools-example,true",
              "local_ssd_count": "",
              "machine_type": "e2-micro",
              "max_pods_per_node": "",
              "metadata": "",
              "min_cpu_platform": "",
              "oauth_scopes": "",
              "pod_range": "np4",
              "preemptible": "",
              "service_account": "gke-sa@sadaindia-tvm-poc-de.iam.gserviceaccount.com",
              "spot": "",
              "tags": "all-node-example",
              "taints": "all/all-pools-example/true/PREFER_NO_SCHEDULE"
            },
            "prefix": "pool-4-"
          },
          "sensitive_attributes": [],
          "create_before_destroy": true
        }
      ]
    },
    {
      "module": "module.gke",
      "mode": "managed",
      "type": "random_shuffle",
      "name": "available_zones",
      "provider": "provider[\"registry.terraform.io/hashicorp/random\"]",
      "instances": [
        {
          "schema_version": 0,
          "attributes": {
            "id": "-",
            "input": [
              "asia-south1-a",
              "asia-south1-b",
              "asia-south1-c"
            ],
            "keepers": null,
            "result": [
              "asia-south1-a",
              "asia-south1-b",
              "asia-south1-c"
            ],
            "result_count": 3,
            "seed": null
          },
          "sensitive_attributes": [],
          "dependencies": [
            "module.gke.data.google_compute_zones.available"
          ],
          "create_before_destroy": true
        }
      ]
    },
    {
      "module": "module.gke",
      "mode": "managed",
      "type": "random_string",
      "name": "cluster_service_account_suffix",
      "provider": "provider[\"registry.terraform.io/hashicorp/random\"]",
      "instances": [
        {
          "schema_version": 2,
          "attributes": {
            "id": "xoyq",
            "keepers": null,
            "length": 4,
            "lower": true,
            "min_lower": 0,
            "min_numeric": 0,
            "min_special": 0,
            "min_upper": 0,
            "number": true,
            "numeric": true,
            "override_special": null,
            "result": "xoyq",
            "special": false,
            "upper": false
          },
          "sensitive_attributes": [],
          "create_before_destroy": true
        }
      ]
    }
  ],
  "check_results": null
}
